// !$*UTF8*$!
{
	archiveVersion = 1;
	classes = {
	};
	objectVersion = 56;
	objects = {

/* Begin PBXBuildFile section */
		F206166D2CDC4A5E00A7C8B2 /* Book.swift in Sources */ = {isa = PBXBuildFile; fileRef = F206166C2CDC4A5E00A7C8B2 /* Book.swift */; };
		F206166F2CDC4A7F00A7C8B2 /* DataManager.swift in Sources */ = {isa = PBXBuildFile; fileRef = F206166E2CDC4A7F00A7C8B2 /* DataManager.swift */; };
		F20616722CDC4ADF00A7C8B2 /* BookListView.swift in Sources */ = {isa = PBXBuildFile; fileRef = F20616712CDC4ADF00A7C8B2 /* BookListView.swift */; };
		F20616742CDC4B1A00A7C8B2 /* BookDetailView.swift in Sources */ = {isa = PBXBuildFile; fileRef = F20616732CDC4B1A00A7C8B2 /* BookDetailView.swift */; };
		F20616762CDC55AF00A7C8B2 /* GoogleBooksAPI.swift in Sources */ = {isa = PBXBuildFile; fileRef = F20616752CDC55AF00A7C8B2 /* GoogleBooksAPI.swift */; };
		F20616782CDC55E300A7C8B2 /* BookSearchView.swift in Sources */ = {isa = PBXBuildFile; fileRef = F20616772CDC55E300A7C8B2 /* BookSearchView.swift */; };
		F206167B2CDC5CF700A7C8B2 /* Info.plist in Resources */ = {isa = PBXBuildFile; fileRef = F206167A2CDC5CF700A7C8B2 /* Info.plist */; };
		F2AD8F5D2CDC48370079D6DC /* booknookApp.swift in Sources */ = {isa = PBXBuildFile; fileRef = F2AD8F5C2CDC48370079D6DC /* booknookApp.swift */; };
		F2AD8F5F2CDC48370079D6DC /* ContentView.swift in Sources */ = {isa = PBXBuildFile; fileRef = F2AD8F5E2CDC48370079D6DC /* ContentView.swift */; };
		F2AD8F612CDC48380079D6DC /* Assets.xcassets in Resources */ = {isa = PBXBuildFile; fileRef = F2AD8F602CDC48380079D6DC /* Assets.xcassets */; };
		F2AD8F652CDC48380079D6DC /* Preview Assets.xcassets in Resources */ = {isa = PBXBuildFile; fileRef = F2AD8F642CDC48380079D6DC /* Preview Assets.xcassets */; };
		F2AD8F6F2CDC48390079D6DC /* booknookTests.swift in Sources */ = {isa = PBXBuildFile; fileRef = F2AD8F6E2CDC48390079D6DC /* booknookTests.swift */; };
		F2AD8F792CDC48390079D6DC /* booknookUITests.swift in Sources */ = {isa = PBXBuildFile; fileRef = F2AD8F782CDC48390079D6DC /* booknookUITests.swift */; };
		F2AD8F7B2CDC48390079D6DC /* booknookUITestsLaunchTests.swift in Sources */ = {isa = PBXBuildFile; fileRef = F2AD8F7A2CDC48390079D6DC /* booknookUITestsLaunchTests.swift */; };
/* End PBXBuildFile section */

/* Begin PBXContainerItemProxy section */
		F2AD8F6B2CDC48390079D6DC /* PBXContainerItemProxy */ = {
			isa = PBXContainerItemProxy;
			containerPortal = F2AD8F512CDC48370079D6DC /* Project object */;
			proxyType = 1;
			remoteGlobalIDString = F2AD8F582CDC48370079D6DC;
			remoteInfo = booknook;
		};
		F2AD8F752CDC48390079D6DC /* PBXContainerItemProxy */ = {
			isa = PBXContainerItemProxy;
			containerPortal = F2AD8F512CDC48370079D6DC /* Project object */;
			proxyType = 1;
			remoteGlobalIDString = F2AD8F582CDC48370079D6DC;
			remoteInfo = booknook;
		};
/* End PBXContainerItemProxy section */

/* Begin PBXFileReference section */
		F206166C2CDC4A5E00A7C8B2 /* Book.swift */ = {isa = PBXFileReference; lastKnownFileType = sourcecode.swift; path = Book.swift; sourceTree = "<group>"; };
		F206166E2CDC4A7F00A7C8B2 /* DataManager.swift */ = {isa = PBXFileReference; lastKnownFileType = sourcecode.swift; path = DataManager.swift; sourceTree = "<group>"; };
		F20616712CDC4ADF00A7C8B2 /* BookListView.swift */ = {isa = PBXFileReference; lastKnownFileType = sourcecode.swift; path = BookListView.swift; sourceTree = "<group>"; };
		F20616732CDC4B1A00A7C8B2 /* BookDetailView.swift */ = {isa = PBXFileReference; lastKnownFileType = sourcecode.swift; path = BookDetailView.swift; sourceTree = "<group>"; };
		F20616752CDC55AF00A7C8B2 /* GoogleBooksAPI.swift */ = {isa = PBXFileReference; lastKnownFileType = sourcecode.swift; path = GoogleBooksAPI.swift; sourceTree = "<group>"; };
		F20616772CDC55E300A7C8B2 /* BookSearchView.swift */ = {isa = PBXFileReference; lastKnownFileType = sourcecode.swift; path = BookSearchView.swift; sourceTree = "<group>"; };
		F206167A2CDC5CF700A7C8B2 /* Info.plist */ = {isa = PBXFileReference; lastKnownFileType = text.plist.xml; path = Info.plist; sourceTree = "<group>"; };
		F2AD8F592CDC48370079D6DC /* booknook.app */ = {isa = PBXFileReference; explicitFileType = wrapper.application; includeInIndex = 0; path = booknook.app; sourceTree = BUILT_PRODUCTS_DIR; };
		F2AD8F5C2CDC48370079D6DC /* booknookApp.swift */ = {isa = PBXFileReference; lastKnownFileType = sourcecode.swift; path = booknookApp.swift; sourceTree = "<group>"; };
		F2AD8F5E2CDC48370079D6DC /* ContentView.swift */ = {isa = PBXFileReference; lastKnownFileType = sourcecode.swift; path = ContentView.swift; sourceTree = "<group>"; };
		F2AD8F602CDC48380079D6DC /* Assets.xcassets */ = {isa = PBXFileReference; lastKnownFileType = folder.assetcatalog; path = Assets.xcassets; sourceTree = "<group>"; };
		F2AD8F622CDC48380079D6DC /* booknook.entitlements */ = {isa = PBXFileReference; lastKnownFileType = text.plist.entitlements; path = booknook.entitlements; sourceTree = "<group>"; };
		F2AD8F642CDC48380079D6DC /* Preview Assets.xcassets */ = {isa = PBXFileReference; lastKnownFileType = folder.assetcatalog; path = "Preview Assets.xcassets"; sourceTree = "<group>"; };
		F2AD8F6A2CDC48390079D6DC /* booknookTests.xctest */ = {isa = PBXFileReference; explicitFileType = wrapper.cfbundle; includeInIndex = 0; path = booknookTests.xctest; sourceTree = BUILT_PRODUCTS_DIR; };
		F2AD8F6E2CDC48390079D6DC /* booknookTests.swift */ = {isa = PBXFileReference; lastKnownFileType = sourcecode.swift; path = booknookTests.swift; sourceTree = "<group>"; };
		F2AD8F742CDC48390079D6DC /* booknookUITests.xctest */ = {isa = PBXFileReference; explicitFileType = wrapper.cfbundle; includeInIndex = 0; path = booknookUITests.xctest; sourceTree = BUILT_PRODUCTS_DIR; };
		F2AD8F782CDC48390079D6DC /* booknookUITests.swift */ = {isa = PBXFileReference; lastKnownFileType = sourcecode.swift; path = booknookUITests.swift; sourceTree = "<group>"; };
		F2AD8F7A2CDC48390079D6DC /* booknookUITestsLaunchTests.swift */ = {isa = PBXFileReference; lastKnownFileType = sourcecode.swift; path = booknookUITestsLaunchTests.swift; sourceTree = "<group>"; };
/* End PBXFileReference section */

/* Begin PBXFrameworksBuildPhase section */
		F2AD8F562CDC48370079D6DC /* Frameworks */ = {
			isa = PBXFrameworksBuildPhase;
			buildActionMask = 2147483647;
			files = (
			);
			runOnlyForDeploymentPostprocessing = 0;
		};
		F2AD8F672CDC48380079D6DC /* Frameworks */ = {
			isa = PBXFrameworksBuildPhase;
			buildActionMask = 2147483647;
			files = (
			);
			runOnlyForDeploymentPostprocessing = 0;
		};
		F2AD8F712CDC48390079D6DC /* Frameworks */ = {
			isa = PBXFrameworksBuildPhase;
			buildActionMask = 2147483647;
			files = (
			);
			runOnlyForDeploymentPostprocessing = 0;
		};
/* End PBXFrameworksBuildPhase section */

/* Begin PBXGroup section */
		F20616682CDC4A2300A7C8B2 /* views */ = {
			isa = PBXGroup;
			children = (
				F20616712CDC4ADF00A7C8B2 /* BookListView.swift */,
				F20616732CDC4B1A00A7C8B2 /* BookDetailView.swift */,
				F20616772CDC55E300A7C8B2 /* BookSearchView.swift */,
			);
			path = views;
			sourceTree = "<group>";
		};
		F206166A2CDC4A3A00A7C8B2 /* models */ = {
			isa = PBXGroup;
			children = (
				F206166C2CDC4A5E00A7C8B2 /* Book.swift */,
			);
			path = models;
			sourceTree = "<group>";
		};
		F206166B2CDC4A3F00A7C8B2 /* data */ = {
			isa = PBXGroup;
			children = (
				F206166E2CDC4A7F00A7C8B2 /* DataManager.swift */,
				F20616752CDC55AF00A7C8B2 /* GoogleBooksAPI.swift */,
			);
			path = data;
			sourceTree = "<group>";
		};
		F2AD8F502CDC48370079D6DC = {
			isa = PBXGroup;
			children = (
				F206167A2CDC5CF700A7C8B2 /* Info.plist */,
				F206166B2CDC4A3F00A7C8B2 /* data */,
				F206166A2CDC4A3A00A7C8B2 /* models */,
				F20616682CDC4A2300A7C8B2 /* views */,
				F2AD8F5B2CDC48370079D6DC /* booknook */,
				F2AD8F6D2CDC48390079D6DC /* booknookTests */,
				F2AD8F772CDC48390079D6DC /* booknookUITests */,
				F2AD8F5A2CDC48370079D6DC /* Products */,
			);
			sourceTree = "<group>";
		};
		F2AD8F5A2CDC48370079D6DC /* Products */ = {
			isa = PBXGroup;
			children = (
				F2AD8F592CDC48370079D6DC /* booknook.app */,
				F2AD8F6A2CDC48390079D6DC /* booknookTests.xctest */,
				F2AD8F742CDC48390079D6DC /* booknookUITests.xctest */,
			);
			name = Products;
			sourceTree = "<group>";
		};
		F2AD8F5B2CDC48370079D6DC /* booknook */ = {
			isa = PBXGroup;
			children = (
				F2AD8F5C2CDC48370079D6DC /* booknookApp.swift */,
				F2AD8F5E2CDC48370079D6DC /* ContentView.swift */,
				F2AD8F602CDC48380079D6DC /* Assets.xcassets */,
				F2AD8F622CDC48380079D6DC /* booknook.entitlements */,
				F2AD8F632CDC48380079D6DC /* Preview Content */,
			);
			path = booknook;
			sourceTree = "<group>";
		};
		F2AD8F632CDC48380079D6DC /* Preview Content */ = {
			isa = PBXGroup;
			children = (
				F2AD8F642CDC48380079D6DC /* Preview Assets.xcassets */,
			);
			path = "Preview Content";
			sourceTree = "<group>";
		};
		F2AD8F6D2CDC48390079D6DC /* booknookTests */ = {
			isa = PBXGroup;
			children = (
				F2AD8F6E2CDC48390079D6DC /* booknookTests.swift */,
			);
			path = booknookTests;
			sourceTree = "<group>";
		};
		F2AD8F772CDC48390079D6DC /* booknookUITests */ = {
			isa = PBXGroup;
			children = (
				F2AD8F782CDC48390079D6DC /* booknookUITests.swift */,
				F2AD8F7A2CDC48390079D6DC /* booknookUITestsLaunchTests.swift */,
			);
			path = booknookUITests;
			sourceTree = "<group>";
		};
/* End PBXGroup section */

/* Begin PBXNativeTarget section */
		F2AD8F582CDC48370079D6DC /* booknook */ = {
			isa = PBXNativeTarget;
			buildConfigurationList = F2AD8F7E2CDC48390079D6DC /* Build configuration list for PBXNativeTarget "booknook" */;
			buildPhases = (
				F2AD8F552CDC48370079D6DC /* Sources */,
				F2AD8F562CDC48370079D6DC /* Frameworks */,
				F2AD8F572CDC48370079D6DC /* Resources */,
			);
			buildRules = (
			);
			dependencies = (
			);
			name = booknook;
			productName = booknook;
			productReference = F2AD8F592CDC48370079D6DC /* booknook.app */;
			productType = "com.apple.product-type.application";
		};
		F2AD8F692CDC48380079D6DC /* booknookTests */ = {
			isa = PBXNativeTarget;
			buildConfigurationList = F2AD8F812CDC48390079D6DC /* Build configuration list for PBXNativeTarget "booknookTests" */;
			buildPhases = (
				F2AD8F662CDC48380079D6DC /* Sources */,
				F2AD8F672CDC48380079D6DC /* Frameworks */,
				F2AD8F682CDC48380079D6DC /* Resources */,
			);
			buildRules = (
			);
			dependencies = (
				F2AD8F6C2CDC48390079D6DC /* PBXTargetDependency */,
			);
			name = booknookTests;
			productName = booknookTests;
			productReference = F2AD8F6A2CDC48390079D6DC /* booknookTests.xctest */;
			productType = "com.apple.product-type.bundle.unit-test";
		};
		F2AD8F732CDC48390079D6DC /* booknookUITests */ = {
			isa = PBXNativeTarget;
			buildConfigurationList = F2AD8F842CDC48390079D6DC /* Build configuration list for PBXNativeTarget "booknookUITests" */;
			buildPhases = (
				F2AD8F702CDC48390079D6DC /* Sources */,
				F2AD8F712CDC48390079D6DC /* Frameworks */,
				F2AD8F722CDC48390079D6DC /* Resources */,
			);
			buildRules = (
			);
			dependencies = (
				F2AD8F762CDC48390079D6DC /* PBXTargetDependency */,
			);
			name = booknookUITests;
			productName = booknookUITests;
			productReference = F2AD8F742CDC48390079D6DC /* booknookUITests.xctest */;
			productType = "com.apple.product-type.bundle.ui-testing";
		};
/* End PBXNativeTarget section */

/* Begin PBXProject section */
		F2AD8F512CDC48370079D6DC /* Project object */ = {
			isa = PBXProject;
			attributes = {
				BuildIndependentTargetsInParallel = 1;
				LastSwiftUpdateCheck = 1540;
				LastUpgradeCheck = 1540;
				TargetAttributes = {
					F2AD8F582CDC48370079D6DC = {
						CreatedOnToolsVersion = 15.4;
					};
					F2AD8F692CDC48380079D6DC = {
						CreatedOnToolsVersion = 15.4;
						TestTargetID = F2AD8F582CDC48370079D6DC;
					};
					F2AD8F732CDC48390079D6DC = {
						CreatedOnToolsVersion = 15.4;
						TestTargetID = F2AD8F582CDC48370079D6DC;
					};
				};
			};
			buildConfigurationList = F2AD8F542CDC48370079D6DC /* Build configuration list for PBXProject "booknook" */;
			compatibilityVersion = "Xcode 14.0";
			developmentRegion = en;
			hasScannedForEncodings = 0;
			knownRegions = (
				en,
				Base,
			);
			mainGroup = F2AD8F502CDC48370079D6DC;
			productRefGroup = F2AD8F5A2CDC48370079D6DC /* Products */;
			projectDirPath = "";
			projectRoot = "";
			targets = (
				F2AD8F582CDC48370079D6DC /* booknook */,
				F2AD8F692CDC48380079D6DC /* booknookTests */,
				F2AD8F732CDC48390079D6DC /* booknookUITests */,
			);
		};
/* End PBXProject section */

/* Begin PBXResourcesBuildPhase section */
		F2AD8F572CDC48370079D6DC /* Resources */ = {
			isa = PBXResourcesBuildPhase;
			buildActionMask = 2147483647;
			files = (
				F2AD8F652CDC48380079D6DC /* Preview Assets.xcassets in Resources */,
				F2AD8F612CDC48380079D6DC /* Assets.xcassets in Resources */,
				F206167B2CDC5CF700A7C8B2 /* Info.plist in Resources */,
			);
			runOnlyForDeploymentPostprocessing = 0;
		};
		F2AD8F682CDC48380079D6DC /* Resources */ = {
			isa = PBXResourcesBuildPhase;
			buildActionMask = 2147483647;
			files = (
			);
			runOnlyForDeploymentPostprocessing = 0;
		};
		F2AD8F722CDC48390079D6DC /* Resources */ = {
			isa = PBXResourcesBuildPhase;
			buildActionMask = 2147483647;
			files = (
			);
			runOnlyForDeploymentPostprocessing = 0;
		};
/* End PBXResourcesBuildPhase section */

/* Begin PBXSourcesBuildPhase section */
		F2AD8F552CDC48370079D6DC /* Sources */ = {
			isa = PBXSourcesBuildPhase;
			buildActionMask = 2147483647;
			files = (
				F2AD8F5F2CDC48370079D6DC /* ContentView.swift in Sources */,
				F206166F2CDC4A7F00A7C8B2 /* DataManager.swift in Sources */,
				F20616722CDC4ADF00A7C8B2 /* BookListView.swift in Sources */,
				F20616782CDC55E300A7C8B2 /* BookSearchView.swift in Sources */,
				F2AD8F5D2CDC48370079D6DC /* booknookApp.swift in Sources */,
				F20616742CDC4B1A00A7C8B2 /* BookDetailView.swift in Sources */,
				F20616762CDC55AF00A7C8B2 /* GoogleBooksAPI.swift in Sources */,
				F206166D2CDC4A5E00A7C8B2 /* Book.swift in Sources */,
			);
			runOnlyForDeploymentPostprocessing = 0;
		};
		F2AD8F662CDC48380079D6DC /* Sources */ = {
			isa = PBXSourcesBuildPhase;
			buildActionMask = 2147483647;
			files = (
				F2AD8F6F2CDC48390079D6DC /* booknookTests.swift in Sources */,
			);
			runOnlyForDeploymentPostprocessing = 0;
		};
		F2AD8F702CDC48390079D6DC /* Sources */ = {
			isa = PBXSourcesBuildPhase;
			buildActionMask = 2147483647;
			files = (
				F2AD8F7B2CDC48390079D6DC /* booknookUITestsLaunchTests.swift in Sources */,
				F2AD8F792CDC48390079D6DC /* booknookUITests.swift in Sources */,
			);
			runOnlyForDeploymentPostprocessing = 0;
		};
/* End PBXSourcesBuildPhase section */

/* Begin PBXTargetDependency section */
		F2AD8F6C2CDC48390079D6DC /* PBXTargetDependency */ = {
			isa = PBXTargetDependency;
			target = F2AD8F582CDC48370079D6DC /* booknook */;
			targetProxy = F2AD8F6B2CDC48390079D6DC /* PBXContainerItemProxy */;
		};
		F2AD8F762CDC48390079D6DC /* PBXTargetDependency */ = {
			isa = PBXTargetDependency;
			target = F2AD8F582CDC48370079D6DC /* booknook */;
			targetProxy = F2AD8F752CDC48390079D6DC /* PBXContainerItemProxy */;
		};
/* End PBXTargetDependency section */

/* Begin XCBuildConfiguration section */
		F2AD8F7C2CDC48390079D6DC /* Debug */ = {
			isa = XCBuildConfiguration;
			buildSettings = {
				ALWAYS_SEARCH_USER_PATHS = NO;
				ASSETCATALOG_COMPILER_GENERATE_SWIFT_ASSET_SYMBOL_EXTENSIONS = YES;
				CLANG_ANALYZER_NONNULL = YES;
				CLANG_ANALYZER_NUMBER_OBJECT_CONVERSION = YES_AGGRESSIVE;
				CLANG_CXX_LANGUAGE_STANDARD = "gnu++20";
				CLANG_ENABLE_MODULES = YES;
				CLANG_ENABLE_OBJC_ARC = YES;
				CLANG_ENABLE_OBJC_WEAK = YES;
				CLANG_WARN_BLOCK_CAPTURE_AUTORELEASING = YES;
				CLANG_WARN_BOOL_CONVERSION = YES;
				CLANG_WARN_COMMA = YES;
				CLANG_WARN_CONSTANT_CONVERSION = YES;
				CLANG_WARN_DEPRECATED_OBJC_IMPLEMENTATIONS = YES;
				CLANG_WARN_DIRECT_OBJC_ISA_USAGE = YES_ERROR;
				CLANG_WARN_DOCUMENTATION_COMMENTS = YES;
				CLANG_WARN_EMPTY_BODY = YES;
				CLANG_WARN_ENUM_CONVERSION = YES;
				CLANG_WARN_INFINITE_RECURSION = YES;
				CLANG_WARN_INT_CONVERSION = YES;
				CLANG_WARN_NON_LITERAL_NULL_CONVERSION = YES;
				CLANG_WARN_OBJC_IMPLICIT_RETAIN_SELF = YES;
				CLANG_WARN_OBJC_LITERAL_CONVERSION = YES;
				CLANG_WARN_OBJC_ROOT_CLASS = YES_ERROR;
				CLANG_WARN_QUOTED_INCLUDE_IN_FRAMEWORK_HEADER = YES;
				CLANG_WARN_RANGE_LOOP_ANALYSIS = YES;
				CLANG_WARN_STRICT_PROTOTYPES = YES;
				CLANG_WARN_SUSPICIOUS_MOVE = YES;
				CLANG_WARN_UNGUARDED_AVAILABILITY = YES_AGGRESSIVE;
				CLANG_WARN_UNREACHABLE_CODE = YES;
				CLANG_WARN__DUPLICATE_METHOD_MATCH = YES;
				COPY_PHASE_STRIP = NO;
				DEBUG_INFORMATION_FORMAT = dwarf;
				ENABLE_STRICT_OBJC_MSGSEND = YES;
				ENABLE_TESTABILITY = YES;
				ENABLE_USER_SCRIPT_SANDBOXING = YES;
				GCC_C_LANGUAGE_STANDARD = gnu17;
				GCC_DYNAMIC_NO_PIC = NO;
				GCC_NO_COMMON_BLOCKS = YES;
				GCC_OPTIMIZATION_LEVEL = 0;
				GCC_PREPROCESSOR_DEFINITIONS = (
					"DEBUG=1",
					"$(inherited)",
				);
				GCC_WARN_64_TO_32_BIT_CONVERSION = YES;
				GCC_WARN_ABOUT_RETURN_TYPE = YES_ERROR;
				GCC_WARN_UNDECLARED_SELECTOR = YES;
				GCC_WARN_UNINITIALIZED_AUTOS = YES_AGGRESSIVE;
				GCC_WARN_UNUSED_FUNCTION = YES;
				GCC_WARN_UNUSED_VARIABLE = YES;
				LOCALIZATION_PREFERS_STRING_CATALOGS = YES;
				MTL_ENABLE_DEBUG_INFO = INCLUDE_SOURCE;
				MTL_FAST_MATH = YES;
				ONLY_ACTIVE_ARCH = YES;
				SWIFT_ACTIVE_COMPILATION_CONDITIONS = "DEBUG $(inherited)";
				SWIFT_OPTIMIZATION_LEVEL = "-Onone";
			};
			name = Debug;
		};
		F2AD8F7D2CDC48390079D6DC /* Release */ = {
			isa = XCBuildConfiguration;
			buildSettings = {
				ALWAYS_SEARCH_USER_PATHS = NO;
				ASSETCATALOG_COMPILER_GENERATE_SWIFT_ASSET_SYMBOL_EXTENSIONS = YES;
				CLANG_ANALYZER_NONNULL = YES;
				CLANG_ANALYZER_NUMBER_OBJECT_CONVERSION = YES_AGGRESSIVE;
				CLANG_CXX_LANGUAGE_STANDARD = "gnu++20";
				CLANG_ENABLE_MODULES = YES;
				CLANG_ENABLE_OBJC_ARC = YES;
				CLANG_ENABLE_OBJC_WEAK = YES;
				CLANG_WARN_BLOCK_CAPTURE_AUTORELEASING = YES;
				CLANG_WARN_BOOL_CONVERSION = YES;
				CLANG_WARN_COMMA = YES;
				CLANG_WARN_CONSTANT_CONVERSION = YES;
				CLANG_WARN_DEPRECATED_OBJC_IMPLEMENTATIONS = YES;
				CLANG_WARN_DIRECT_OBJC_ISA_USAGE = YES_ERROR;
				CLANG_WARN_DOCUMENTATION_COMMENTS = YES;
				CLANG_WARN_EMPTY_BODY = YES;
				CLANG_WARN_ENUM_CONVERSION = YES;
				CLANG_WARN_INFINITE_RECURSION = YES;
				CLANG_WARN_INT_CONVERSION = YES;
				CLANG_WARN_NON_LITERAL_NULL_CONVERSION = YES;
				CLANG_WARN_OBJC_IMPLICIT_RETAIN_SELF = YES;
				CLANG_WARN_OBJC_LITERAL_CONVERSION = YES;
				CLANG_WARN_OBJC_ROOT_CLASS = YES_ERROR;
				CLANG_WARN_QUOTED_INCLUDE_IN_FRAMEWORK_HEADER = YES;
				CLANG_WARN_RANGE_LOOP_ANALYSIS = YES;
				CLANG_WARN_STRICT_PROTOTYPES = YES;
				CLANG_WARN_SUSPICIOUS_MOVE = YES;
				CLANG_WARN_UNGUARDED_AVAILABILITY = YES_AGGRESSIVE;
				CLANG_WARN_UNREACHABLE_CODE = YES;
				CLANG_WARN__DUPLICATE_METHOD_MATCH = YES;
				COPY_PHASE_STRIP = NO;
				DEBUG_INFORMATION_FORMAT = "dwarf-with-dsym";
				ENABLE_NS_ASSERTIONS = NO;
				ENABLE_STRICT_OBJC_MSGSEND = YES;
				ENABLE_USER_SCRIPT_SANDBOXING = YES;
				GCC_C_LANGUAGE_STANDARD = gnu17;
				GCC_NO_COMMON_BLOCKS = YES;
				GCC_WARN_64_TO_32_BIT_CONVERSION = YES;
				GCC_WARN_ABOUT_RETURN_TYPE = YES_ERROR;
				GCC_WARN_UNDECLARED_SELECTOR = YES;
				GCC_WARN_UNINITIALIZED_AUTOS = YES_AGGRESSIVE;
				GCC_WARN_UNUSED_FUNCTION = YES;
				GCC_WARN_UNUSED_VARIABLE = YES;
				LOCALIZATION_PREFERS_STRING_CATALOGS = YES;
				MTL_ENABLE_DEBUG_INFO = NO;
				MTL_FAST_MATH = YES;
				SWIFT_COMPILATION_MODE = wholemodule;
			};
			name = Release;
		};
		F2AD8F7F2CDC48390079D6DC /* Debug */ = {
			isa = XCBuildConfiguration;
			buildSettings = {
				ASSETCATALOG_COMPILER_APPICON_NAME = AppIcon;
				ASSETCATALOG_COMPILER_GLOBAL_ACCENT_COLOR_NAME = AccentColor;
				CODE_SIGN_ENTITLEMENTS = booknook/booknook.entitlements;
				CODE_SIGN_STYLE = Automatic;
				CURRENT_PROJECT_VERSION = 1;
				DEVELOPMENT_ASSET_PATHS = "\"booknook/Preview Content\"";
				DEVELOPMENT_TEAM = TZGN7PV8WC;
				ENABLE_HARDENED_RUNTIME = YES;
				ENABLE_PREVIEWS = YES;
				GENERATE_INFOPLIST_FILE = YES;
				INFOPLIST_FILE = booknook/Info.plist;
				"INFOPLIST_KEY_UIApplicationSceneManifest_Generation[sdk=iphoneos*]" = YES;
				"INFOPLIST_KEY_UIApplicationSceneManifest_Generation[sdk=iphonesimulator*]" = YES;
				"INFOPLIST_KEY_UIApplicationSupportsIndirectInputEvents[sdk=iphoneos*]" = YES;
				"INFOPLIST_KEY_UIApplicationSupportsIndirectInputEvents[sdk=iphonesimulator*]" = YES;
				"INFOPLIST_KEY_UILaunchScreen_Generation[sdk=iphoneos*]" = YES;
				"INFOPLIST_KEY_UILaunchScreen_Generation[sdk=iphonesimulator*]" = YES;
				"INFOPLIST_KEY_UIStatusBarStyle[sdk=iphoneos*]" = UIStatusBarStyleDefault;
				"INFOPLIST_KEY_UIStatusBarStyle[sdk=iphonesimulator*]" = UIStatusBarStyleDefault;
				INFOPLIST_KEY_UISupportedInterfaceOrientations_iPad = "UIInterfaceOrientationPortrait UIInterfaceOrientationPortraitUpsideDown UIInterfaceOrientationLandscapeLeft UIInterfaceOrientationLandscapeRight";
				INFOPLIST_KEY_UISupportedInterfaceOrientations_iPhone = "UIInterfaceOrientationPortrait UIInterfaceOrientationLandscapeLeft UIInterfaceOrientationLandscapeRight";
				IPHONEOS_DEPLOYMENT_TARGET = 17.5;
				LD_RUNPATH_SEARCH_PATHS = "@executable_path/Frameworks";
				"LD_RUNPATH_SEARCH_PATHS[sdk=macosx*]" = "@executable_path/../Frameworks";
				MACOSX_DEPLOYMENT_TARGET = 14.2;
				MARKETING_VERSION = 1.0;
				PRODUCT_BUNDLE_IDENTIFIER = dhirpal.booknook;
				PRODUCT_NAME = "$(TARGET_NAME)";
				SDKROOT = auto;
				SUPPORTED_PLATFORMS = "iphoneos iphonesimulator macosx";
				SWIFT_EMIT_LOC_STRINGS = YES;
				SWIFT_VERSION = 5.0;
				TARGETED_DEVICE_FAMILY = "1,2";
			};
			name = Debug;
		};
		F2AD8F802CDC48390079D6DC /* Release */ = {
			isa = XCBuildConfiguration;
			buildSettings = {
				ASSETCATALOG_COMPILER_APPICON_NAME = AppIcon;
				ASSETCATALOG_COMPILER_GLOBAL_ACCENT_COLOR_NAME = AccentColor;
				CODE_SIGN_ENTITLEMENTS = booknook/booknook.entitlements;
				CODE_SIGN_STYLE = Automatic;
				CURRENT_PROJECT_VERSION = 1;
				DEVELOPMENT_ASSET_PATHS = "\"booknook/Preview Content\"";
				DEVELOPMENT_TEAM = TZGN7PV8WC;
				ENABLE_HARDENED_RUNTIME = YES;
				ENABLE_PREVIEWS = YES;
				GENERATE_INFOPLIST_FILE = YES;
				INFOPLIST_FILE = booknook/Info.plist;
				"INFOPLIST_KEY_UIApplicationSceneManifest_Generation[sdk=iphoneos*]" = YES;
				"INFOPLIST_KEY_UIApplicationSceneManifest_Generation[sdk=iphonesimulator*]" = YES;
				"INFOPLIST_KEY_UIApplicationSupportsIndirectInputEvents[sdk=iphoneos*]" = YES;
				"INFOPLIST_KEY_UIApplicationSupportsIndirectInputEvents[sdk=iphonesimulator*]" = YES;
				"INFOPLIST_KEY_UILaunchScreen_Generation[sdk=iphoneos*]" = YES;
				"INFOPLIST_KEY_UILaunchScreen_Generation[sdk=iphonesimulator*]" = YES;
				"INFOPLIST_KEY_UIStatusBarStyle[sdk=iphoneos*]" = UIStatusBarStyleDefault;
				"INFOPLIST_KEY_UIStatusBarStyle[sdk=iphonesimulator*]" = UIStatusBarStyleDefault;
				INFOPLIST_KEY_UISupportedInterfaceOrientations_iPad = "UIInterfaceOrientationPortrait UIInterfaceOrientationPortraitUpsideDown UIInterfaceOrientationLandscapeLeft UIInterfaceOrientationLandscapeRight";
				INFOPLIST_KEY_UISupportedInterfaceOrientations_iPhone = "UIInterfaceOrientationPortrait UIInterfaceOrientationLandscapeLeft UIInterfaceOrientationLandscapeRight";
				IPHONEOS_DEPLOYMENT_TARGET = 17.5;
				LD_RUNPATH_SEARCH_PATHS = "@executable_path/Frameworks";
				"LD_RUNPATH_SEARCH_PATHS[sdk=macosx*]" = "@executable_path/../Frameworks";
				MACOSX_DEPLOYMENT_TARGET = 14.2;
				MARKETING_VERSION = 1.0;
				PRODUCT_BUNDLE_IDENTIFIER = dhirpal.booknook;
				PRODUCT_NAME = "$(TARGET_NAME)";
				SDKROOT = auto;
				SUPPORTED_PLATFORMS = "iphoneos iphonesimulator macosx";
				SWIFT_EMIT_LOC_STRINGS = YES;
				SWIFT_VERSION = 5.0;
				TARGETED_DEVICE_FAMILY = "1,2";
			};
			name = Release;
		};
		F2AD8F822CDC48390079D6DC /* Debug */ = {
			isa = XCBuildConfiguration;
			buildSettings = {
				ALWAYS_EMBED_SWIFT_STANDARD_LIBRARIES = YES;
				BUNDLE_LOADER = "$(TEST_HOST)";
				CODE_SIGN_STYLE = Automatic;
				CURRENT_PROJECT_VERSION = 1;
				DEVELOPMENT_TEAM = TZGN7PV8WC;
				GENERATE_INFOPLIST_FILE = YES;
				IPHONEOS_DEPLOYMENT_TARGET = 17.5;
				MACOSX_DEPLOYMENT_TARGET = 14.2;
				MARKETING_VERSION = 1.0;
				PRODUCT_BUNDLE_IDENTIFIER = dhirpal.booknookTests;
				PRODUCT_NAME = "$(TARGET_NAME)";
				SDKROOT = auto;
				SUPPORTED_PLATFORMS = "iphoneos iphonesimulator macosx";
				SWIFT_EMIT_LOC_STRINGS = NO;
				SWIFT_VERSION = 5.0;
				TARGETED_DEVICE_FAMILY = "1,2";
				TEST_HOST = "$(BUILT_PRODUCTS_DIR)/booknook.app/$(BUNDLE_EXECUTABLE_FOLDER_PATH)/booknook";
			};
			name = Debug;
		};
		F2AD8F832CDC48390079D6DC /* Release */ = {
			isa = XCBuildConfiguration;
			buildSettings = {
				ALWAYS_EMBED_SWIFT_STANDARD_LIBRARIES = YES;
				BUNDLE_LOADER = "$(TEST_HOST)";
				CODE_SIGN_STYLE = Automatic;
				CURRENT_PROJECT_VERSION = 1;
				DEVELOPMENT_TEAM = TZGN7PV8WC;
				GENERATE_INFOPLIST_FILE = YES;
				IPHONEOS_DEPLOYMENT_TARGET = 17.5;
				MACOSX_DEPLOYMENT_TARGET = 14.2;
				MARKETING_VERSION = 1.0;
				PRODUCT_BUNDLE_IDENTIFIER = dhirpal.booknookTests;
				PRODUCT_NAME = "$(TARGET_NAME)";
				SDKROOT = auto;
				SUPPORTED_PLATFORMS = "iphoneos iphonesimulator macosx";
				SWIFT_EMIT_LOC_STRINGS = NO;
				SWIFT_VERSION = 5.0;
				TARGETED_DEVICE_FAMILY = "1,2";
				TEST_HOST = "$(BUILT_PRODUCTS_DIR)/booknook.app/$(BUNDLE_EXECUTABLE_FOLDER_PATH)/booknook";
			};
			name = Release;
		};
		F2AD8F852CDC48390079D6DC /* Debug */ = {
			isa = XCBuildConfiguration;
			buildSettings = {
				ALWAYS_EMBED_SWIFT_STANDARD_LIBRARIES = YES;
				CODE_SIGN_STYLE = Automatic;
				CURRENT_PROJECT_VERSION = 1;
				DEVELOPMENT_TEAM = TZGN7PV8WC;
				GENERATE_INFOPLIST_FILE = YES;
				IPHONEOS_DEPLOYMENT_TARGET = 17.5;
				MACOSX_DEPLOYMENT_TARGET = 14.2;
				MARKETING_VERSION = 1.0;
				PRODUCT_BUNDLE_IDENTIFIER = dhirpal.booknookUITests;
				PRODUCT_NAME = "$(TARGET_NAME)";
				SDKROOT = auto;
				SUPPORTED_PLATFORMS = "iphoneos iphonesimulator macosx";
				SWIFT_EMIT_LOC_STRINGS = NO;
				SWIFT_VERSION = 5.0;
				TARGETED_DEVICE_FAMILY = "1,2";
				TEST_TARGET_NAME = booknook;
			};
			name = Debug;
		};
		F2AD8F862CDC48390079D6DC /* Release */ = {
			isa = XCBuildConfiguration;
			buildSettings = {
				ALWAYS_EMBED_SWIFT_STANDARD_LIBRARIES = YES;
				CODE_SIGN_STYLE = Automatic;
				CURRENT_PROJECT_VERSION = 1;
				DEVELOPMENT_TEAM = TZGN7PV8WC;
				GENERATE_INFOPLIST_FILE = YES;
				IPHONEOS_DEPLOYMENT_TARGET = 17.5;
				MACOSX_DEPLOYMENT_TARGET = 14.2;
				MARKETING_VERSION = 1.0;
				PRODUCT_BUNDLE_IDENTIFIER = dhirpal.booknookUITests;
				PRODUCT_NAME = "$(TARGET_NAME)";
				SDKROOT = auto;
				SUPPORTED_PLATFORMS = "iphoneos iphonesimulator macosx";
				SWIFT_EMIT_LOC_STRINGS = NO;
				SWIFT_VERSION = 5.0;
				TARGETED_DEVICE_FAMILY = "1,2";
				TEST_TARGET_NAME = booknook;
			};
			name = Release;
		};
/* End XCBuildConfiguration section */

/* Begin XCConfigurationList section */
		F2AD8F542CDC48370079D6DC /* Build configuration list for PBXProject "booknook" */ = {
			isa = XCConfigurationList;
			buildConfigurations = (
				F2AD8F7C2CDC48390079D6DC /* Debug */,
				F2AD8F7D2CDC48390079D6DC /* Release */,
			);
			defaultConfigurationIsVisible = 0;
			defaultConfigurationName = Release;
		};
		F2AD8F7E2CDC48390079D6DC /* Build configuration list for PBXNativeTarget "booknook" */ = {
			isa = XCConfigurationList;
			buildConfigurations = (
				F2AD8F7F2CDC48390079D6DC /* Debug */,
				F2AD8F802CDC48390079D6DC /* Release */,
			);
			defaultConfigurationIsVisible = 0;
			defaultConfigurationName = Release;
		};
		F2AD8F812CDC48390079D6DC /* Build configuration list for PBXNativeTarget "booknookTests" */ = {
			isa = XCConfigurationList;
			buildConfigurations = (
				F2AD8F822CDC48390079D6DC /* Debug */,
				F2AD8F832CDC48390079D6DC /* Release */,
			);
			defaultConfigurationIsVisible = 0;
			defaultConfigurationName = Release;
		};
		F2AD8F842CDC48390079D6DC /* Build configuration list for PBXNativeTarget "booknookUITests" */ = {
			isa = XCConfigurationList;
			buildConfigurations = (
				F2AD8F852CDC48390079D6DC /* Debug */,
				F2AD8F862CDC48390079D6DC /* Release */,
			);
			defaultConfigurationIsVisible = 0;
			defaultConfigurationName = Release;
		};
/* End XCConfigurationList section */
	};
	rootObject = F2AD8F512CDC48370079D6DC /* Project object */;
}
